
Microsoft Visual Studio Solution File, Format Version 12.00
# Visual Studio Version 17
VisualStudioVersion = 17.4.33205.214
MinimumVisualStudioVersion = 10.0.40219.1
Project("{9A19103F-16F7-4668-BE54-9A1E7A4F7556}") = "AlbaVR", "AlbaVR\AlbaVR.csproj", "{3F17CF5C-C3C9-43B1-8DAE-B5B11DA76776}"
EndProject
Project("{FAE04EC0-301F-11D3-BF4B-00C04F79EFBC}") = "VRPatcher", "VRPatcher\VRPatcher.csproj", "{FB618AB1-9EFB-4845-8C20-85C54A335E78}"
EndProject
Global
	GlobalSection(SolutionConfigurationPlatforms) = preSolution
		Debug|Any CPU = Debug|Any CPU
		Release|Any CPU = Release|Any CPU
	EndGlobalSection
	GlobalSection(ProjectConfigurationPlatforms) = postSolution
		{3F17CF5C-C3C9-43B1-8DAE-B5B11DA76776}.Debug|Any CPU.ActiveCfg = Debug|Any CPU
		{3F17CF5C-C3C9-43B1-8DAE-B5B11DA76776}.Debug|Any CPU.Build.0 = Debug|Any CPU
		{3F17CF5C-C3C9-43B1-8DAE-B5B11DA76776}.Release|Any CPU.ActiveCfg = Release|Any CPU
		{3F17CF5C-C3C9-43B1-8DAE-B5B11DA76776}.Release|Any CPU.Build.0 = Release|Any CPU
		{FB618AB1-9EFB-4845-8C20-85C54A335E78}.Debug|Any CPU.ActiveCfg = Debug|Any CPU
		{FB618AB1-9EFB-4845-8C20-85C54A335E78}.Debug|Any CPU.Build.0 = Debug|Any CPU
		{FB618AB1-9EFB-4845-8C20-85C54A335E78}.Release|Any CPU.ActiveCfg = Release|Any CPU
		{FB618AB1-9EFB-4845-8C20-85C54A335E78}.Release|Any CPU.Build.0 = Release|Any CPU
	EndGlobalSection
	GlobalSection(SolutionProperties) = preSolution
		HideSolutionNode = FALSE
	EndGlobalSection
	GlobalSection(ExtensibilityGlobals) = postSolution
		SolutionGuid = {DF479490-7F55-4572-B19D-B7942BA43077}
	EndGlobalSection
EndGlobal
